
Microsoft Visual Studio Solution File, Format Version 12.00
# Visual Studio 14
VisualStudioVersion = 14.0.25420.1
MinimumVisualStudioVersion = 10.0.40219.1
Project("{FAE04EC0-301F-11D3-BF4B-00C04F79EFBC}") = "CalculatorConsoleApp", "CalculatorConsoleApp\CalculatorConsoleApp.csproj", "{441C2FBB-B6FC-491D-80A7-ED9DA8D311DD}"
EndProject
Project("{FAE04EC0-301F-11D3-BF4B-00C04F79EFBC}") = "Aplikasi kalkulator", "Aplikasi kalkulator\Aplikasi kalkulator.csproj", "{72810279-432F-4F1C-B1E2-F03CE4A733DE}"
EndProject
Global
	GlobalSection(SolutionConfigurationPlatforms) = preSolution
		Debug|Any CPU = Debug|Any CPU
		Release|Any CPU = Release|Any CPU
	EndGlobalSection
	GlobalSection(ProjectConfigurationPlatforms) = postSolution
		{441C2FBB-B6FC-491D-80A7-ED9DA8D311DD}.Debug|Any CPU.ActiveCfg = Debug|Any CPU
		{441C2FBB-B6FC-491D-80A7-ED9DA8D311DD}.Debug|Any CPU.Build.0 = Debug|Any CPU
		{441C2FBB-B6FC-491D-80A7-ED9DA8D311DD}.Release|Any CPU.ActiveCfg = Release|Any CPU
		{441C2FBB-B6FC-491D-80A7-ED9DA8D311DD}.Release|Any CPU.Build.0 = Release|Any CPU
		{72810279-432F-4F1C-B1E2-F03CE4A733DE}.Debug|Any CPU.ActiveCfg = Debug|Any CPU
		{72810279-432F-4F1C-B1E2-F03CE4A733DE}.Debug|Any CPU.Build.0 = Debug|Any CPU
		{72810279-432F-4F1C-B1E2-F03CE4A733DE}.Release|Any CPU.ActiveCfg = Release|Any CPU
		{72810279-432F-4F1C-B1E2-F03CE4A733DE}.Release|Any CPU.Build.0 = Release|Any CPU
	EndGlobalSection
	GlobalSection(SolutionProperties) = preSolution
		HideSolutionNode = FALSE
	EndGlobalSection
EndGlobal
